{
  "name": "brave-real-browser",
  "version": "2.0.2",
  "lockfileVersion": 3,
  "requires": true,
  "packages": {
    "": {
      "name": "brave-real-browser",
      "version": "2.0.2",
      "license": "ISC",
      "dependencies": {
        "brave-real-launcher": "file:../Brave-Real-Launcher",
        "brave-real-puppeteer-core": "file:../Brave-Real-Puppeteer-Playwrite-Core/dist/brave-real-puppeteer-core",
        "ghost-cursor": "^1.4.1",
        "puppeteer-extra": "^3.3.6",
        "tree-kill": "^1.2.2",
        "xvfb": "^0.4.0"
      }
    },
    "../Brave-Real-Launcher": {
      "name": "brave-real-launcher",
      "version": "1.2.43",
      "license": "Apache-2.0",
      "dependencies": {
        "@types/node": "^20.0.0",
        "@types/which": "^3.0.4",
        "escape-string-regexp": "^4.0.0",
        "is-wsl": "^2.2.0",
        "which": "^4.0.0"
      },
      "bin": {
        "print-brave-path": "bin/print-brave-path.cjs"
      },
      "devDependencies": {
        "@types/mocha": "^8.0.4",
        "@types/sinon": "^9.0.1",
        "clang-format": "^1.0.50",
        "mocha": "^10.2.0",
        "sinon": "^9.0.1",
        "ts-node": "^10.9.1",
        "typescript": "^4.1.2"
      },
      "engines": {
        "node": ">=12.13.0"
      }
    },
    "../Brave-Real-Puppeteer-Playwrite-Core": {
      "name": "brave-real-puppeteer-playwright-core",
      "version": "1.0.1",
      "dev": true,
      "license": "MIT",
      "optional": true,
      "peer": true,
      "dependencies": {
        "yargs": "^17.7.2"
      },
      "bin": {
        "brave-enhanced": "scripts/patcher.js",
        "brave-patches": "scripts/patcher.js",
        "brave-stealth": "scripts/patcher.js",
        "rebrowser-enhanced": "scripts/patcher.js",
        "rebrowser-patches": "scripts/patcher.js",
        "rebrowser-stealth": "scripts/patcher.js"
      },
      "devDependencies": {
        "test": "^3.3.0"
      },
      "optionalDependencies": {
        "playwright-core": "^1.57.0",
        "puppeteer-core": "^24.34.0"
      }
    },
    "../Brave-Real-Puppeteer-Playwrite-Core/dist/brave-real-puppeteer-core": {
      "version": "1.0.1",
      "license": "MIT",
      "dependencies": {
        "@puppeteer/browsers": "2.11.0",
        "chromium-bidi": "12.0.1",
        "debug": "^4.4.3",
        "devtools-protocol": "0.0.1534754",
        "typed-query-selector": "^2.12.0",
        "webdriver-bidi-protocol": "0.3.10",
        "ws": "^8.18.3"
      },
      "engines": {
        "node": ">=18"
      },
      "peerDependencies": {
        "puppeteer-core": "24.34.0"
      }
    },
    "node_modules/@types/bezier-js": {
      "version": "4.1.3",
      "resolved": "https://registry.npmjs.org/@types/bezier-js/-/bezier-js-4.1.3.tgz",
      "integrity": "sha512-FNVVCu5mx/rJCWBxLTcL7oOajmGtWtBTDjq6DSUWUI12GeePivrZZXz+UgE0D6VYsLEjvExRO03z4hVtu3pTEQ==",
      "license": "MIT"
    },
    "node_modules/@types/debug": {
      "version": "4.1.12",
      "resolved": "https://registry.npmjs.org/@types/debug/-/debug-4.1.12.tgz",
      "integrity": "sha512-vIChWdVG3LG1SMxEvI/AK+FWJthlrqlTu7fbrlywTkkaONwk/UAGaULXRlf8vkzFBLVm0zkMdCquhL5aOjhXPQ==",
      "license": "MIT",
      "dependencies": {
        "@types/ms": "*"
      }
    },
    "node_modules/@types/ms": {
      "version": "0.7.34",
      "resolved": "https://registry.npmjs.org/@types/ms/-/ms-0.7.34.tgz",
      "integrity": "sha512-nG96G3Wp6acyAgJqGasjODb+acrI7KltPiRxzHPXnP3NgI28bpQDRv53olbqGXbfcgF5aiiHmO3xpwEpS5Ld9g==",
      "license": "MIT"
    },
    "node_modules/bezier-js": {
      "version": "6.1.4",
      "resolved": "https://registry.npmjs.org/bezier-js/-/bezier-js-6.1.4.tgz",
      "integrity": "sha512-PA0FW9ZpcHbojUCMu28z9Vg/fNkwTj5YhusSAjHHDfHDGLxJ6YUKrAN2vk1fP2MMOxVw4Oko16FMlRGVBGqLKg==",
      "license": "MIT",
      "funding": {
        "type": "individual",
        "url": "https://github.com/Pomax/bezierjs/blob/master/FUNDING.md"
      }
    },
    "node_modules/brave-real-launcher": {
      "resolved": "../Brave-Real-Launcher",
      "link": true
    },
    "node_modules/brave-real-puppeteer-core": {
      "resolved": "../Brave-Real-Puppeteer-Playwrite-Core/dist/brave-real-puppeteer-core",
      "link": true
    },
    "node_modules/debug": {
      "version": "4.4.3",
      "resolved": "https://registry.npmjs.org/debug/-/debug-4.4.3.tgz",
      "integrity": "sha512-RGwwWnwQvkVfavKVt22FGLw+xYSdzARwm0ru6DhTVA3umU5hZc28V3kO4stgYryrTlLpuvgI9GiijltAjNbcqA==",
      "license": "MIT",
      "dependencies": {
        "ms": "^2.1.3"
      },
      "engines": {
        "node": ">=6.0"
      },
      "peerDependenciesMeta": {
        "supports-color": {
          "optional": true
        }
      }
    },
    "node_modules/deepmerge": {
      "version": "4.3.1",
      "resolved": "https://registry.npmjs.org/deepmerge/-/deepmerge-4.3.1.tgz",
      "integrity": "sha512-3sUqbMEc77XqpdNO7FRyRog+eW3ph+GYCbj+rK+uYyRMuwsVy0rMiVtPn+QJlKFvWP/1PYpapqYn0Me2knFn+A==",
      "license": "MIT",
      "engines": {
        "node": ">=0.10.0"
      }
    },
    "node_modules/ghost-cursor": {
      "version": "1.4.1",
      "resolved": "https://registry.npmjs.org/ghost-cursor/-/ghost-cursor-1.4.1.tgz",
      "integrity": "sha512-K8A8/Co/Jbdqee694qrNsGWBG51DVK5UF2gGKEoZBDx9F1WmoD2SzUoDHWoY7O+TY84s1VrWwwfkVKxI2FoV2Q==",
      "license": "ISC",
      "dependencies": {
        "@types/bezier-js": "4",
        "bezier-js": "^6.1.3",
        "debug": "^4.3.4"
      }
    },
    "node_modules/ms": {
      "version": "2.1.3",
      "resolved": "https://registry.npmjs.org/ms/-/ms-2.1.3.tgz",
      "integrity": "sha512-6FlzubTLZG3J2a/NVCAleEhjzq5oxgHyaCU9yYXvcLsvoVaHJq/s5xXI6/XXP6tz7R9xAOtHnSO/tXtF3WRTlA==",
      "license": "MIT"
    },
    "node_modules/nan": {
      "version": "2.24.0",
      "resolved": "https://registry.npmjs.org/nan/-/nan-2.24.0.tgz",
      "integrity": "sha512-Vpf9qnVW1RaDkoNKFUvfxqAbtI8ncb8OJlqZ9wwpXzWPEsvsB1nvdUi6oYrHIkQ1Y/tMDnr1h4nczS0VB9Xykg==",
      "license": "MIT",
      "optional": true
    },
    "node_modules/puppeteer-extra": {
      "version": "3.3.6",
      "resolved": "https://registry.npmjs.org/puppeteer-extra/-/puppeteer-extra-3.3.6.tgz",
      "integrity": "sha512-rsLBE/6mMxAjlLd06LuGacrukP2bqbzKCLzV1vrhHFavqQE/taQ2UXv3H5P0Ls7nsrASa+6x3bDbXHpqMwq+7A==",
      "license": "MIT",
      "dependencies": {
        "@types/debug": "^4.1.0",
        "debug": "^4.1.1",
        "deepmerge": "^4.2.2"
      },
      "engines": {
        "node": ">=8"
      },
      "peerDependencies": {
        "@types/puppeteer": "*",
        "puppeteer": "*",
        "puppeteer-core": "*"
      },
      "peerDependenciesMeta": {
        "@types/puppeteer": {
          "optional": true
        },
        "puppeteer": {
          "optional": true
        },
        "puppeteer-core": {
          "optional": true
        }
      }
    },
    "node_modules/sleep": {
      "version": "6.1.0",
      "resolved": "https://registry.npmjs.org/sleep/-/sleep-6.1.0.tgz",
      "integrity": "sha512-Z1x4JjJxsru75Tqn8F4tnOFeEu3HjtITTsumYUiuz54sGKdISgLCek9AUlXlVVrkhltRFhNUsJDJE76SFHTDIQ==",
      "hasInstallScript": true,
      "license": "MIT",
      "optional": true,
      "dependencies": {
        "nan": "^2.13.2"
      },
      "engines": {
        "node": ">=0.8.0"
      }
    },
    "node_modules/tree-kill": {
      "version": "1.2.2",
      "resolved": "https://registry.npmjs.org/tree-kill/-/tree-kill-1.2.2.tgz",
      "integrity": "sha512-L0Orpi8qGpRG//Nd+H90vFB+3iHnue1zSSGmNOOCh1GLJ7rUKVwV2HvijphGQS2UmhUZewS9VgvxYIdgr+fG1A==",
      "license": "MIT",
      "bin": {
        "tree-kill": "cli.js"
      }
    },
    "node_modules/xvfb": {
      "version": "0.4.0",
      "resolved": "https://registry.npmjs.org/xvfb/-/xvfb-0.4.0.tgz",
      "integrity": "sha512-g55AbjcBL4Bztfn7kiUrR0ne8mMUsFODDJ+HFGf5OuHJqKKccpExX2Qgn7VF2eImw1eoh6+riXHser1J4agrFA==",
      "license": "MIT",
      "optionalDependencies": {
        "sleep": "6.1.0"
      }
    }
  }
}
